
Microsoft Visual Studio Solution File, Format Version 12.00
# Visual Studio 15
VisualStudioVersion = 15.0.27703.2026
MinimumVisualStudioVersion = 10.0.40219.1
Project("{FAE04EC0-301F-11D3-BF4B-00C04F79EFBC}") = "WebMakerHtml", "WebMakerHtml\WebMakerHtml.csproj", "{22C3D230-68DB-4303-BF03-CE4974BCA452}"
EndProject
Project("{FAE04EC0-301F-11D3-BF4B-00C04F79EFBC}") = "WebMakerWeb", "WebMakerWeb\WebMakerWeb.csproj", "{A9A9B10E-F66B-4B06-B5CD-2F86ECC043F6}"
EndProject
Project("{FAE04EC0-301F-11D3-BF4B-00C04F79EFBC}") = "WebMakerServer", "WebMakerServer\WebMakerServer.csproj", "{58C13A17-77F3-464F-8BAE-0D5F572EFECA}"
EndProject
Project("{FAE04EC0-301F-11D3-BF4B-00C04F79EFBC}") = "WebMakerTemplate", "WebMakerWebTemplate\WebMakerTemplate.csproj", "{C1971DDA-A767-4195-9D9B-6ECCD99129BB}"
EndProject
Project("{FAE04EC0-301F-11D3-BF4B-00C04F79EFBC}") = "WebMakerViewModel", "WebMakerViewModel\WebMakerViewModel.csproj", "{92BA65D9-441F-440D-854E-8A169F540B46}"
EndProject
Project("{FAE04EC0-301F-11D3-BF4B-00C04F79EFBC}") = "WebMakerView", "WebMakerView\WebMakerView.csproj", "{70EA0B44-835D-49DC-ADE3-4BDAD8006860}"
EndProject
Global
	GlobalSection(SolutionConfigurationPlatforms) = preSolution
		Debug|x64 = Debug|x64
		Debug|x86 = Debug|x86
		Release|x64 = Release|x64
		Release|x86 = Release|x86
	EndGlobalSection
	GlobalSection(ProjectConfigurationPlatforms) = postSolution
		{22C3D230-68DB-4303-BF03-CE4974BCA452}.Debug|x64.ActiveCfg = Debug|x64
		{22C3D230-68DB-4303-BF03-CE4974BCA452}.Debug|x64.Build.0 = Debug|x64
		{22C3D230-68DB-4303-BF03-CE4974BCA452}.Debug|x86.ActiveCfg = Debug|x86
		{22C3D230-68DB-4303-BF03-CE4974BCA452}.Debug|x86.Build.0 = Debug|x86
		{22C3D230-68DB-4303-BF03-CE4974BCA452}.Release|x64.ActiveCfg = Release|x64
		{22C3D230-68DB-4303-BF03-CE4974BCA452}.Release|x64.Build.0 = Release|x64
		{22C3D230-68DB-4303-BF03-CE4974BCA452}.Release|x86.ActiveCfg = Release|x86
		{22C3D230-68DB-4303-BF03-CE4974BCA452}.Release|x86.Build.0 = Release|x86
		{A9A9B10E-F66B-4B06-B5CD-2F86ECC043F6}.Debug|x64.ActiveCfg = Debug|x64
		{A9A9B10E-F66B-4B06-B5CD-2F86ECC043F6}.Debug|x64.Build.0 = Debug|x64
		{A9A9B10E-F66B-4B06-B5CD-2F86ECC043F6}.Debug|x86.ActiveCfg = Debug|x86
		{A9A9B10E-F66B-4B06-B5CD-2F86ECC043F6}.Debug|x86.Build.0 = Debug|x86
		{A9A9B10E-F66B-4B06-B5CD-2F86ECC043F6}.Release|x64.ActiveCfg = Release|x64
		{A9A9B10E-F66B-4B06-B5CD-2F86ECC043F6}.Release|x64.Build.0 = Release|x64
		{A9A9B10E-F66B-4B06-B5CD-2F86ECC043F6}.Release|x86.ActiveCfg = Release|x86
		{A9A9B10E-F66B-4B06-B5CD-2F86ECC043F6}.Release|x86.Build.0 = Release|x86
		{58C13A17-77F3-464F-8BAE-0D5F572EFECA}.Debug|x64.ActiveCfg = Debug|x64
		{58C13A17-77F3-464F-8BAE-0D5F572EFECA}.Debug|x64.Build.0 = Debug|x64
		{58C13A17-77F3-464F-8BAE-0D5F572EFECA}.Debug|x86.ActiveCfg = Debug|x86
		{58C13A17-77F3-464F-8BAE-0D5F572EFECA}.Debug|x86.Build.0 = Debug|x86
		{58C13A17-77F3-464F-8BAE-0D5F572EFECA}.Release|x64.ActiveCfg = Release|x64
		{58C13A17-77F3-464F-8BAE-0D5F572EFECA}.Release|x64.Build.0 = Release|x64
		{58C13A17-77F3-464F-8BAE-0D5F572EFECA}.Release|x86.ActiveCfg = Release|x86
		{58C13A17-77F3-464F-8BAE-0D5F572EFECA}.Release|x86.Build.0 = Release|x86
		{C1971DDA-A767-4195-9D9B-6ECCD99129BB}.Debug|x64.ActiveCfg = Debug|x64
		{C1971DDA-A767-4195-9D9B-6ECCD99129BB}.Debug|x64.Build.0 = Debug|x64
		{C1971DDA-A767-4195-9D9B-6ECCD99129BB}.Debug|x86.ActiveCfg = Debug|x86
		{C1971DDA-A767-4195-9D9B-6ECCD99129BB}.Debug|x86.Build.0 = Debug|x86
		{C1971DDA-A767-4195-9D9B-6ECCD99129BB}.Release|x64.ActiveCfg = Release|x64
		{C1971DDA-A767-4195-9D9B-6ECCD99129BB}.Release|x64.Build.0 = Release|x64
		{C1971DDA-A767-4195-9D9B-6ECCD99129BB}.Release|x86.ActiveCfg = Release|x86
		{C1971DDA-A767-4195-9D9B-6ECCD99129BB}.Release|x86.Build.0 = Release|x86
		{92BA65D9-441F-440D-854E-8A169F540B46}.Debug|x64.ActiveCfg = Debug|x64
		{92BA65D9-441F-440D-854E-8A169F540B46}.Debug|x64.Build.0 = Debug|x64
		{92BA65D9-441F-440D-854E-8A169F540B46}.Debug|x86.ActiveCfg = Debug|x86
		{92BA65D9-441F-440D-854E-8A169F540B46}.Debug|x86.Build.0 = Debug|x86
		{92BA65D9-441F-440D-854E-8A169F540B46}.Release|x64.ActiveCfg = Release|x64
		{92BA65D9-441F-440D-854E-8A169F540B46}.Release|x64.Build.0 = Release|x64
		{92BA65D9-441F-440D-854E-8A169F540B46}.Release|x86.ActiveCfg = Release|x86
		{92BA65D9-441F-440D-854E-8A169F540B46}.Release|x86.Build.0 = Release|x86
		{70EA0B44-835D-49DC-ADE3-4BDAD8006860}.Debug|x64.ActiveCfg = Debug|x64
		{70EA0B44-835D-49DC-ADE3-4BDAD8006860}.Debug|x64.Build.0 = Debug|x64
		{70EA0B44-835D-49DC-ADE3-4BDAD8006860}.Debug|x86.ActiveCfg = Debug|x86
		{70EA0B44-835D-49DC-ADE3-4BDAD8006860}.Debug|x86.Build.0 = Debug|x86
		{70EA0B44-835D-49DC-ADE3-4BDAD8006860}.Release|x64.ActiveCfg = Release|x64
		{70EA0B44-835D-49DC-ADE3-4BDAD8006860}.Release|x64.Build.0 = Release|x64
		{70EA0B44-835D-49DC-ADE3-4BDAD8006860}.Release|x86.ActiveCfg = Release|x86
		{70EA0B44-835D-49DC-ADE3-4BDAD8006860}.Release|x86.Build.0 = Release|x86
	EndGlobalSection
	GlobalSection(SolutionProperties) = preSolution
		HideSolutionNode = FALSE
	EndGlobalSection
	GlobalSection(ExtensibilityGlobals) = postSolution
		SolutionGuid = {72202F65-3B99-4991-93B2-35B9CE2EDA68}
	EndGlobalSection
EndGlobal
