
Microsoft Visual Studio Solution File, Format Version 12.00
# Visual Studio 15
VisualStudioVersion = 15.0.27703.2026
MinimumVisualStudioVersion = 10.0.40219.1
Project("{FAE04EC0-301F-11D3-BF4B-00C04F79EFBC}") = "WebMakerHtml", "WebMakerHtml\WebMakerHtml.csproj", "{22C3D230-68DB-4303-BF03-CE4974BCA452}"
EndProject
Project("{FAE04EC0-301F-11D3-BF4B-00C04F79EFBC}") = "WebMakerWeb", "WebMakerWeb\WebMakerWeb.csproj", "{A9A9B10E-F66B-4B06-B5CD-2F86ECC043F6}"
EndProject
Project("{FAE04EC0-301F-11D3-BF4B-00C04F79EFBC}") = "WebMakerConsoleTest", "WebMakerConsoleTest\WebMakerConsoleTest.csproj", "{0914B14A-B2D5-4367-A3F1-7DDB72690796}"
EndProject
Project("{FAE04EC0-301F-11D3-BF4B-00C04F79EFBC}") = "WebMakerServer", "WebMakerServer\WebMakerServer.csproj", "{58C13A17-77F3-464F-8BAE-0D5F572EFECA}"
EndProject
Project("{FAE04EC0-301F-11D3-BF4B-00C04F79EFBC}") = "WebMakerTemplate", "WebMakerWebTemplate\WebMakerTemplate.csproj", "{C1971DDA-A767-4195-9D9B-6ECCD99129BB}"
EndProject
Project("{FAE04EC0-301F-11D3-BF4B-00C04F79EFBC}") = "WebMakerViewModel", "WebMakerViewModel\WebMakerViewModel.csproj", "{92BA65D9-441F-440D-854E-8A169F540B46}"
EndProject
Project("{FAE04EC0-301F-11D3-BF4B-00C04F79EFBC}") = "WebMakerWPF", "WebMakerWPF\WebMakerWPF.csproj", "{FF23E4FB-1847-4F07-A156-905EE2FC8C24}"
EndProject
Global
	GlobalSection(SolutionConfigurationPlatforms) = preSolution
		Debug|Any CPU = Debug|Any CPU
		Release|Any CPU = Release|Any CPU
	EndGlobalSection
	GlobalSection(ProjectConfigurationPlatforms) = postSolution
		{22C3D230-68DB-4303-BF03-CE4974BCA452}.Debug|Any CPU.ActiveCfg = Debug|Any CPU
		{22C3D230-68DB-4303-BF03-CE4974BCA452}.Debug|Any CPU.Build.0 = Debug|Any CPU
		{22C3D230-68DB-4303-BF03-CE4974BCA452}.Release|Any CPU.ActiveCfg = Release|Any CPU
		{22C3D230-68DB-4303-BF03-CE4974BCA452}.Release|Any CPU.Build.0 = Release|Any CPU
		{A9A9B10E-F66B-4B06-B5CD-2F86ECC043F6}.Debug|Any CPU.ActiveCfg = Debug|Any CPU
		{A9A9B10E-F66B-4B06-B5CD-2F86ECC043F6}.Debug|Any CPU.Build.0 = Debug|Any CPU
		{A9A9B10E-F66B-4B06-B5CD-2F86ECC043F6}.Release|Any CPU.ActiveCfg = Release|Any CPU
		{A9A9B10E-F66B-4B06-B5CD-2F86ECC043F6}.Release|Any CPU.Build.0 = Release|Any CPU
		{0914B14A-B2D5-4367-A3F1-7DDB72690796}.Debug|Any CPU.ActiveCfg = Debug|Any CPU
		{0914B14A-B2D5-4367-A3F1-7DDB72690796}.Debug|Any CPU.Build.0 = Debug|Any CPU
		{0914B14A-B2D5-4367-A3F1-7DDB72690796}.Release|Any CPU.ActiveCfg = Release|Any CPU
		{0914B14A-B2D5-4367-A3F1-7DDB72690796}.Release|Any CPU.Build.0 = Release|Any CPU
		{58C13A17-77F3-464F-8BAE-0D5F572EFECA}.Debug|Any CPU.ActiveCfg = Debug|Any CPU
		{58C13A17-77F3-464F-8BAE-0D5F572EFECA}.Debug|Any CPU.Build.0 = Debug|Any CPU
		{58C13A17-77F3-464F-8BAE-0D5F572EFECA}.Release|Any CPU.ActiveCfg = Release|Any CPU
		{58C13A17-77F3-464F-8BAE-0D5F572EFECA}.Release|Any CPU.Build.0 = Release|Any CPU
		{C1971DDA-A767-4195-9D9B-6ECCD99129BB}.Debug|Any CPU.ActiveCfg = Debug|Any CPU
		{C1971DDA-A767-4195-9D9B-6ECCD99129BB}.Debug|Any CPU.Build.0 = Debug|Any CPU
		{C1971DDA-A767-4195-9D9B-6ECCD99129BB}.Release|Any CPU.ActiveCfg = Release|Any CPU
		{C1971DDA-A767-4195-9D9B-6ECCD99129BB}.Release|Any CPU.Build.0 = Release|Any CPU
		{92BA65D9-441F-440D-854E-8A169F540B46}.Debug|Any CPU.ActiveCfg = Debug|Any CPU
		{92BA65D9-441F-440D-854E-8A169F540B46}.Debug|Any CPU.Build.0 = Debug|Any CPU
		{92BA65D9-441F-440D-854E-8A169F540B46}.Release|Any CPU.ActiveCfg = Release|Any CPU
		{92BA65D9-441F-440D-854E-8A169F540B46}.Release|Any CPU.Build.0 = Release|Any CPU
		{FF23E4FB-1847-4F07-A156-905EE2FC8C24}.Debug|Any CPU.ActiveCfg = Debug|Any CPU
		{FF23E4FB-1847-4F07-A156-905EE2FC8C24}.Debug|Any CPU.Build.0 = Debug|Any CPU
		{FF23E4FB-1847-4F07-A156-905EE2FC8C24}.Release|Any CPU.ActiveCfg = Release|Any CPU
		{FF23E4FB-1847-4F07-A156-905EE2FC8C24}.Release|Any CPU.Build.0 = Release|Any CPU
	EndGlobalSection
	GlobalSection(SolutionProperties) = preSolution
		HideSolutionNode = FALSE
	EndGlobalSection
	GlobalSection(ExtensibilityGlobals) = postSolution
		SolutionGuid = {72202F65-3B99-4991-93B2-35B9CE2EDA68}
	EndGlobalSection
EndGlobal
